{
  "object": {
    "pins": [
      {
        "package": "combine-schedulers",
        "repositoryURL": "https://github.com/pointfreeco/combine-schedulers",
        "state": {
          "branch": null,
          "revision": "8eab6ad841ccc420f29f3e77e17e7b260841b50a",
          "version": "0.2.0"
        }
      },
      {
        "package": "CombineX",
        "repositoryURL": "https://github.com/cx-org/CombineX",
        "state": {
          "branch": null,
          "revision": "96cd76ccddac5d0493ebd91d69f1e6e9ccb58f5f",
          "version": "0.3.0"
        }
      },
      {
        "package": "CXExtensions",
        "repositoryURL": "https://github.com/cx-org/CXExtensions",
        "state": {
          "branch": null,
          "revision": "6843af94bfaedfe90df1435c1a6c83cc3366a62b",
          "version": "0.3.0"
        }
      },
      {
        "package": "Gzip",
        "repositoryURL": "https://github.com/1024jp/GzipSwift",
        "state": {
          "branch": null,
          "revision": "ba0b6cb51cc6202f896e469b87d2889a46b10d1b",
          "version": "5.1.1"
        }
      },
      {
        "package": "LyricsKit",
        "repositoryURL": "https://github.com/ddddxxx/LyricsKit",
        "state": {
          "branch": "master",
          "revision": "a3f74818efc24e9a5cfb6caf60cdf1a957774070",
          "version": null
        }
      },
      {
        "package": "MusicPlayer",
        "repositoryURL": "https://github.com/ddddxxx/MusicPlayer",
        "state": {
          "branch": null,
          "revision": "e652b184bc91b003dfc34cce88aaaf20b33fb33a",
          "version": "0.7.0"
        }
      },
      {
        "package": "Regex",
        "repositoryURL": "https://github.com/ddddxxx/Regex",
        "state": {
          "branch": null,
          "revision": "739734521806e17a60ba8c439050ae7ada062551",
          "version": "0.2.0"
        }
      },
      {
        "package": "swift-case-paths",
        "repositoryURL": "https://github.com/pointfreeco/swift-case-paths",
        "state": {
          "branch": null,
          "revision": "1aa1bf7c4069d9ba2f7edd36dbfc96ff1c58cbff",
          "version": "0.1.3"
        }
      },
      {
        "package": "swift-composable-architecture",
        "repositoryURL": "https://github.com/pointfreeco/swift-composable-architecture",
        "state": {
          "branch": null,
          "revision": "e51fb00d1f4bfacda7d8e4deef0a8c1757192839",
          "version": "0.13.0"
        }
      },
      {
        "package": "SwiftCF",
        "repositoryURL": "https://github.com/ddddxxx/SwiftCF",
        "state": {
          "branch": null,
          "revision": "845455788ed18a7885eca3c00114372d6ba1aa4c",
          "version": "0.1.6"
        }
      }
    ]
  },
  "version": 1
}
