// !$*UTF8*$!
{
	archiveVersion = 1;
	classes = {
	};
	objectVersion = 52;
	objects = {

/* Begin PBXBuildFile section */
		BB517E6B24A3257C00FDAD03 /* LyricsXApp.swift in Sources */ = {isa = PBXBuildFile; fileRef = BB517E5824A3257B00FDAD03 /* LyricsXApp.swift */; };
		BB517E6F24A3257C00FDAD03 /* Assets.xcassets in Resources */ = {isa = PBXBuildFile; fileRef = BB517E5A24A3257C00FDAD03 /* Assets.xcassets */; };
		BB60CBBA24A32BD2004CF149 /* MainView.swift in Sources */ = {isa = PBXBuildFile; fileRef = BB60CBB924A32BD2004CF149 /* MainView.swift */; };
		BB60CBC324A32C36004CF149 /* SpotifyiOS.swift in Sources */ = {isa = PBXBuildFile; fileRef = BB60CBC224A32C36004CF149 /* SpotifyiOS.swift */; };
		BB64F5D525D2875200555F84 /* LyricsXCore in Frameworks */ = {isa = PBXBuildFile; productRef = BB64F5D425D2875200555F84 /* LyricsXCore */; };
		BB64F5DC25D2905700555F84 /* View+ResignKeyboard.swift in Sources */ = {isa = PBXBuildFile; fileRef = BB64F5DB25D2905700555F84 /* View+ResignKeyboard.swift */; };
		BB64F5E125D292DB00555F84 /* NowPlayingLyricsView.swift in Sources */ = {isa = PBXBuildFile; fileRef = BB64F5E025D292DB00555F84 /* NowPlayingLyricsView.swift */; };
		BB850EB925CFDC7B00172554 /* NowPlayingToolbarItem.swift in Sources */ = {isa = PBXBuildFile; fileRef = BB850EB825CFDC7B00172554 /* NowPlayingToolbarItem.swift */; };
		BBB48F8D25E247EE00EFC274 /* SearchBar.swift in Sources */ = {isa = PBXBuildFile; fileRef = BBB48F8C25E247EE00EFC274 /* SearchBar.swift */; };
		BBC7703225D196C600FD5E66 /* Either.swift in Sources */ = {isa = PBXBuildFile; fileRef = BBC7703125D196C600FD5E66 /* Either.swift */; };
		BBEF4BC525D1002A008856DF /* FeatherEdgeMask.swift in Sources */ = {isa = PBXBuildFile; fileRef = BBEF4BC425D1002A008856DF /* FeatherEdgeMask.swift */; };
		BBEF4BCD25D11933008856DF /* LyricsSearchView.swift in Sources */ = {isa = PBXBuildFile; fileRef = BBEF4BCC25D11933008856DF /* LyricsSearchView.swift */; };
/* End PBXBuildFile section */

/* Begin PBXFileReference section */
		BB517E5824A3257B00FDAD03 /* LyricsXApp.swift */ = {isa = PBXFileReference; lastKnownFileType = sourcecode.swift; path = LyricsXApp.swift; sourceTree = "<group>"; };
		BB517E5A24A3257C00FDAD03 /* Assets.xcassets */ = {isa = PBXFileReference; lastKnownFileType = folder.assetcatalog; path = Assets.xcassets; sourceTree = "<group>"; };
		BB517E5F24A3257C00FDAD03 /* LyricsX.app */ = {isa = PBXFileReference; explicitFileType = wrapper.application; includeInIndex = 0; path = LyricsX.app; sourceTree = BUILT_PRODUCTS_DIR; };
		BB517E6224A3257C00FDAD03 /* Info.plist */ = {isa = PBXFileReference; lastKnownFileType = text.plist.xml; path = Info.plist; sourceTree = "<group>"; };
		BB517E7A24A3263E00FDAD03 /* LyricsXCore */ = {isa = PBXFileReference; lastKnownFileType = folder; path = LyricsXCore; sourceTree = "<group>"; };
		BB60CBB924A32BD2004CF149 /* MainView.swift */ = {isa = PBXFileReference; fileEncoding = 4; lastKnownFileType = sourcecode.swift; path = MainView.swift; sourceTree = "<group>"; };
		BB60CBC224A32C36004CF149 /* SpotifyiOS.swift */ = {isa = PBXFileReference; fileEncoding = 4; lastKnownFileType = sourcecode.swift; path = SpotifyiOS.swift; sourceTree = "<group>"; };
		BB64F5DB25D2905700555F84 /* View+ResignKeyboard.swift */ = {isa = PBXFileReference; lastKnownFileType = sourcecode.swift; path = "View+ResignKeyboard.swift"; sourceTree = "<group>"; };
		BB64F5E025D292DB00555F84 /* NowPlayingLyricsView.swift */ = {isa = PBXFileReference; lastKnownFileType = sourcecode.swift; path = NowPlayingLyricsView.swift; sourceTree = "<group>"; };
		BB850EB825CFDC7B00172554 /* NowPlayingToolbarItem.swift */ = {isa = PBXFileReference; lastKnownFileType = sourcecode.swift; path = NowPlayingToolbarItem.swift; sourceTree = "<group>"; };
		BBB48F8C25E247EE00EFC274 /* SearchBar.swift */ = {isa = PBXFileReference; lastKnownFileType = sourcecode.swift; path = SearchBar.swift; sourceTree = "<group>"; };
		BBC7703125D196C600FD5E66 /* Either.swift */ = {isa = PBXFileReference; lastKnownFileType = sourcecode.swift; path = Either.swift; sourceTree = "<group>"; };
		BBEF4BC425D1002A008856DF /* FeatherEdgeMask.swift */ = {isa = PBXFileReference; lastKnownFileType = sourcecode.swift; path = FeatherEdgeMask.swift; sourceTree = "<group>"; };
		BBEF4BCC25D11933008856DF /* LyricsSearchView.swift */ = {isa = PBXFileReference; lastKnownFileType = sourcecode.swift; path = LyricsSearchView.swift; sourceTree = "<group>"; };
/* End PBXFileReference section */

/* Begin PBXFrameworksBuildPhase section */
		BB517E5C24A3257C00FDAD03 /* Frameworks */ = {
			isa = PBXFrameworksBuildPhase;
			buildActionMask = 2147483647;
			files = (
				BB64F5D525D2875200555F84 /* LyricsXCore in Frameworks */,
			);
			runOnlyForDeploymentPostprocessing = 0;
		};
/* End PBXFrameworksBuildPhase section */

/* Begin PBXGroup section */
		BB517E5224A3257A00FDAD03 = {
			isa = PBXGroup;
			children = (
				BB517E7A24A3263E00FDAD03 /* LyricsXCore */,
				BB517E6124A3257C00FDAD03 /* LyricsX-iOS */,
				BB517E6024A3257C00FDAD03 /* Products */,
				BB64F5D325D2875200555F84 /* Frameworks */,
			);
			sourceTree = "<group>";
		};
		BB517E6024A3257C00FDAD03 /* Products */ = {
			isa = PBXGroup;
			children = (
				BB517E5F24A3257C00FDAD03 /* LyricsX.app */,
			);
			name = Products;
			sourceTree = "<group>";
		};
		BB517E6124A3257C00FDAD03 /* LyricsX-iOS */ = {
			isa = PBXGroup;
			children = (
				BB517E5824A3257B00FDAD03 /* LyricsXApp.swift */,
				BB850EB625CFD7F600172554 /* Composable */,
				BB64F5DA25D2903F00555F84 /* Extensions */,
				BBC7703A25D26C1700FD5E66 /* Utilities */,
				BB64F5D725D28EA300555F84 /* Resources */,
				BB60CBC224A32C36004CF149 /* SpotifyiOS.swift */,
			);
			path = "LyricsX-iOS";
			sourceTree = "<group>";
		};
		BB64F5D325D2875200555F84 /* Frameworks */ = {
			isa = PBXGroup;
			children = (
			);
			name = Frameworks;
			sourceTree = "<group>";
		};
		BB64F5D725D28EA300555F84 /* Resources */ = {
			isa = PBXGroup;
			children = (
				BB517E5A24A3257C00FDAD03 /* Assets.xcassets */,
				BB517E6224A3257C00FDAD03 /* Info.plist */,
			);
			path = Resources;
			sourceTree = "<group>";
		};
		BB64F5DA25D2903F00555F84 /* Extensions */ = {
			isa = PBXGroup;
			children = (
				BB64F5DB25D2905700555F84 /* View+ResignKeyboard.swift */,
			);
			path = Extensions;
			sourceTree = "<group>";
		};
		BB850EB625CFD7F600172554 /* Composable */ = {
			isa = PBXGroup;
			children = (
				BB60CBB924A32BD2004CF149 /* MainView.swift */,
				BB64F5E025D292DB00555F84 /* NowPlayingLyricsView.swift */,
				BBEF4BCC25D11933008856DF /* LyricsSearchView.swift */,
				BBB48F8C25E247EE00EFC274 /* SearchBar.swift */,
				BBEF4BC425D1002A008856DF /* FeatherEdgeMask.swift */,
				BB850EB825CFDC7B00172554 /* NowPlayingToolbarItem.swift */,
			);
			path = Composable;
			sourceTree = "<group>";
		};
		BBC7703A25D26C1700FD5E66 /* Utilities */ = {
			isa = PBXGroup;
			children = (
				BBC7703125D196C600FD5E66 /* Either.swift */,
			);
			path = Utilities;
			sourceTree = "<group>";
		};
/* End PBXGroup section */

/* Begin PBXNativeTarget section */
		BB517E5E24A3257C00FDAD03 /* LyricsX-iOS */ = {
			isa = PBXNativeTarget;
			buildConfigurationList = BB517E7324A3257C00FDAD03 /* Build configuration list for PBXNativeTarget "LyricsX-iOS" */;
			buildPhases = (
				BB517E5B24A3257C00FDAD03 /* Sources */,
				BB517E5C24A3257C00FDAD03 /* Frameworks */,
				BB517E5D24A3257C00FDAD03 /* Resources */,
			);
			buildRules = (
			);
			dependencies = (
			);
			name = "LyricsX-iOS";
			packageProductDependencies = (
				BB64F5D425D2875200555F84 /* LyricsXCore */,
			);
			productName = iOS;
			productReference = BB517E5F24A3257C00FDAD03 /* LyricsX.app */;
			productType = "com.apple.product-type.application";
		};
/* End PBXNativeTarget section */

/* Begin PBXProject section */
		BB517E5324A3257A00FDAD03 /* Project object */ = {
			isa = PBXProject;
			attributes = {
				LastSwiftUpdateCheck = 1200;
				LastUpgradeCheck = 1200;
				TargetAttributes = {
					BB517E5E24A3257C00FDAD03 = {
						CreatedOnToolsVersion = 12.0;
					};
				};
			};
			buildConfigurationList = BB517E5624A3257A00FDAD03 /* Build configuration list for PBXProject "LyricsX-iOS" */;
			compatibilityVersion = "Xcode 9.3";
			developmentRegion = en;
			hasScannedForEncodings = 0;
			knownRegions = (
				en,
				Base,
			);
			mainGroup = BB517E5224A3257A00FDAD03;
			productRefGroup = BB517E6024A3257C00FDAD03 /* Products */;
			projectDirPath = "";
			projectRoot = "";
			targets = (
				BB517E5E24A3257C00FDAD03 /* LyricsX-iOS */,
			);
		};
/* End PBXProject section */

/* Begin PBXResourcesBuildPhase section */
		BB517E5D24A3257C00FDAD03 /* Resources */ = {
			isa = PBXResourcesBuildPhase;
			buildActionMask = 2147483647;
			files = (
				BB517E6F24A3257C00FDAD03 /* Assets.xcassets in Resources */,
			);
			runOnlyForDeploymentPostprocessing = 0;
		};
/* End PBXResourcesBuildPhase section */

/* Begin PBXSourcesBuildPhase section */
		BB517E5B24A3257C00FDAD03 /* Sources */ = {
			isa = PBXSourcesBuildPhase;
			buildActionMask = 2147483647;
			files = (
				BB60CBBA24A32BD2004CF149 /* MainView.swift in Sources */,
				BB850EB925CFDC7B00172554 /* NowPlayingToolbarItem.swift in Sources */,
				BB517E6B24A3257C00FDAD03 /* LyricsXApp.swift in Sources */,
				BB60CBC324A32C36004CF149 /* SpotifyiOS.swift in Sources */,
				BB64F5E125D292DB00555F84 /* NowPlayingLyricsView.swift in Sources */,
				BBC7703225D196C600FD5E66 /* Either.swift in Sources */,
				BBEF4BCD25D11933008856DF /* LyricsSearchView.swift in Sources */,
				BBB48F8D25E247EE00EFC274 /* SearchBar.swift in Sources */,
				BBEF4BC525D1002A008856DF /* FeatherEdgeMask.swift in Sources */,
				BB64F5DC25D2905700555F84 /* View+ResignKeyboard.swift in Sources */,
			);
			runOnlyForDeploymentPostprocessing = 0;
		};
/* End PBXSourcesBuildPhase section */

/* Begin XCBuildConfiguration section */
		BB517E7124A3257C00FDAD03 /* Debug */ = {
			isa = XCBuildConfiguration;
			buildSettings = {
				ALWAYS_SEARCH_USER_PATHS = NO;
				CLANG_ANALYZER_NONNULL = YES;
				CLANG_ANALYZER_NUMBER_OBJECT_CONVERSION = YES_AGGRESSIVE;
				CLANG_CXX_LANGUAGE_STANDARD = "gnu++14";
				CLANG_CXX_LIBRARY = "libc++";
				CLANG_ENABLE_MODULES = YES;
				CLANG_ENABLE_OBJC_ARC = YES;
				CLANG_ENABLE_OBJC_WEAK = YES;
				CLANG_WARN_BLOCK_CAPTURE_AUTORELEASING = YES;
				CLANG_WARN_BOOL_CONVERSION = YES;
				CLANG_WARN_COMMA = YES;
				CLANG_WARN_CONSTANT_CONVERSION = YES;
				CLANG_WARN_DEPRECATED_OBJC_IMPLEMENTATIONS = YES;
				CLANG_WARN_DIRECT_OBJC_ISA_USAGE = YES_ERROR;
				CLANG_WARN_DOCUMENTATION_COMMENTS = YES;
				CLANG_WARN_EMPTY_BODY = YES;
				CLANG_WARN_ENUM_CONVERSION = YES;
				CLANG_WARN_INFINITE_RECURSION = YES;
				CLANG_WARN_INT_CONVERSION = YES;
				CLANG_WARN_NON_LITERAL_NULL_CONVERSION = YES;
				CLANG_WARN_OBJC_IMPLICIT_RETAIN_SELF = YES;
				CLANG_WARN_OBJC_LITERAL_CONVERSION = YES;
				CLANG_WARN_OBJC_ROOT_CLASS = YES_ERROR;
				CLANG_WARN_QUOTED_INCLUDE_IN_FRAMEWORK_HEADER = YES;
				CLANG_WARN_RANGE_LOOP_ANALYSIS = YES;
				CLANG_WARN_STRICT_PROTOTYPES = YES;
				CLANG_WARN_SUSPICIOUS_MOVE = YES;
				CLANG_WARN_UNGUARDED_AVAILABILITY = YES_AGGRESSIVE;
				CLANG_WARN_UNREACHABLE_CODE = YES;
				CLANG_WARN__DUPLICATE_METHOD_MATCH = YES;
				COPY_PHASE_STRIP = NO;
				DEBUG_INFORMATION_FORMAT = dwarf;
				ENABLE_STRICT_OBJC_MSGSEND = YES;
				ENABLE_TESTABILITY = YES;
				GCC_C_LANGUAGE_STANDARD = gnu11;
				GCC_DYNAMIC_NO_PIC = NO;
				GCC_NO_COMMON_BLOCKS = YES;
				GCC_OPTIMIZATION_LEVEL = 0;
				GCC_PREPROCESSOR_DEFINITIONS = (
					"DEBUG=1",
					"$(inherited)",
				);
				GCC_WARN_64_TO_32_BIT_CONVERSION = YES;
				GCC_WARN_ABOUT_RETURN_TYPE = YES_ERROR;
				GCC_WARN_UNDECLARED_SELECTOR = YES;
				GCC_WARN_UNINITIALIZED_AUTOS = YES_AGGRESSIVE;
				GCC_WARN_UNUSED_FUNCTION = YES;
				GCC_WARN_UNUSED_VARIABLE = YES;
				MTL_ENABLE_DEBUG_INFO = INCLUDE_SOURCE;
				MTL_FAST_MATH = YES;
				ONLY_ACTIVE_ARCH = YES;
				SWIFT_ACTIVE_COMPILATION_CONDITIONS = DEBUG;
				SWIFT_OPTIMIZATION_LEVEL = "-Onone";
			};
			name = Debug;
		};
		BB517E7224A3257C00FDAD03 /* Release */ = {
			isa = XCBuildConfiguration;
			buildSettings = {
				ALWAYS_SEARCH_USER_PATHS = NO;
				CLANG_ANALYZER_NONNULL = YES;
				CLANG_ANALYZER_NUMBER_OBJECT_CONVERSION = YES_AGGRESSIVE;
				CLANG_CXX_LANGUAGE_STANDARD = "gnu++14";
				CLANG_CXX_LIBRARY = "libc++";
				CLANG_ENABLE_MODULES = YES;
				CLANG_ENABLE_OBJC_ARC = YES;
				CLANG_ENABLE_OBJC_WEAK = YES;
				CLANG_WARN_BLOCK_CAPTURE_AUTORELEASING = YES;
				CLANG_WARN_BOOL_CONVERSION = YES;
				CLANG_WARN_COMMA = YES;
				CLANG_WARN_CONSTANT_CONVERSION = YES;
				CLANG_WARN_DEPRECATED_OBJC_IMPLEMENTATIONS = YES;
				CLANG_WARN_DIRECT_OBJC_ISA_USAGE = YES_ERROR;
				CLANG_WARN_DOCUMENTATION_COMMENTS = YES;
				CLANG_WARN_EMPTY_BODY = YES;
				CLANG_WARN_ENUM_CONVERSION = YES;
				CLANG_WARN_INFINITE_RECURSION = YES;
				CLANG_WARN_INT_CONVERSION = YES;
				CLANG_WARN_NON_LITERAL_NULL_CONVERSION = YES;
				CLANG_WARN_OBJC_IMPLICIT_RETAIN_SELF = YES;
				CLANG_WARN_OBJC_LITERAL_CONVERSION = YES;
				CLANG_WARN_OBJC_ROOT_CLASS = YES_ERROR;
				CLANG_WARN_QUOTED_INCLUDE_IN_FRAMEWORK_HEADER = YES;
				CLANG_WARN_RANGE_LOOP_ANALYSIS = YES;
				CLANG_WARN_STRICT_PROTOTYPES = YES;
				CLANG_WARN_SUSPICIOUS_MOVE = YES;
				CLANG_WARN_UNGUARDED_AVAILABILITY = YES_AGGRESSIVE;
				CLANG_WARN_UNREACHABLE_CODE = YES;
				CLANG_WARN__DUPLICATE_METHOD_MATCH = YES;
				COPY_PHASE_STRIP = NO;
				DEBUG_INFORMATION_FORMAT = "dwarf-with-dsym";
				ENABLE_NS_ASSERTIONS = NO;
				ENABLE_STRICT_OBJC_MSGSEND = YES;
				GCC_C_LANGUAGE_STANDARD = gnu11;
				GCC_NO_COMMON_BLOCKS = YES;
				GCC_WARN_64_TO_32_BIT_CONVERSION = YES;
				GCC_WARN_ABOUT_RETURN_TYPE = YES_ERROR;
				GCC_WARN_UNDECLARED_SELECTOR = YES;
				GCC_WARN_UNINITIALIZED_AUTOS = YES_AGGRESSIVE;
				GCC_WARN_UNUSED_FUNCTION = YES;
				GCC_WARN_UNUSED_VARIABLE = YES;
				MTL_ENABLE_DEBUG_INFO = NO;
				MTL_FAST_MATH = YES;
				SWIFT_COMPILATION_MODE = wholemodule;
				SWIFT_OPTIMIZATION_LEVEL = "-O";
			};
			name = Release;
		};
		BB517E7424A3257C00FDAD03 /* Debug */ = {
			isa = XCBuildConfiguration;
			buildSettings = {
				ASSETCATALOG_COMPILER_APPICON_NAME = AppIcon;
				ASSETCATALOG_COMPILER_GLOBAL_ACCENT_COLOR_NAME = AccentColor;
				CODE_SIGN_STYLE = Automatic;
				DEVELOPMENT_TEAM = 3665V726AE;
				ENABLE_PREVIEWS = YES;
				INFOPLIST_FILE = "LyricsX-iOS/Resources/Info.plist";
				IPHONEOS_DEPLOYMENT_TARGET = 14.0;
				LD_RUNPATH_SEARCH_PATHS = (
					"$(inherited)",
					"@executable_path/Frameworks",
				);
				PRODUCT_BUNDLE_IDENTIFIER = ddddxxx.LyricsX.iOS;
				PRODUCT_NAME = LyricsX;
				SDKROOT = iphoneos;
				SWIFT_VERSION = 5.0;
				TARGETED_DEVICE_FAMILY = "1,2";
			};
			name = Debug;
		};
		BB517E7524A3257C00FDAD03 /* Release */ = {
			isa = XCBuildConfiguration;
			buildSettings = {
				ASSETCATALOG_COMPILER_APPICON_NAME = AppIcon;
				ASSETCATALOG_COMPILER_GLOBAL_ACCENT_COLOR_NAME = AccentColor;
				CODE_SIGN_STYLE = Automatic;
				DEVELOPMENT_TEAM = 3665V726AE;
				ENABLE_PREVIEWS = YES;
				INFOPLIST_FILE = "LyricsX-iOS/Resources/Info.plist";
				IPHONEOS_DEPLOYMENT_TARGET = 14.0;
				LD_RUNPATH_SEARCH_PATHS = (
					"$(inherited)",
					"@executable_path/Frameworks",
				);
				PRODUCT_BUNDLE_IDENTIFIER = ddddxxx.LyricsX.iOS;
				PRODUCT_NAME = LyricsX;
				SDKROOT = iphoneos;
				SWIFT_VERSION = 5.0;
				TARGETED_DEVICE_FAMILY = "1,2";
				VALIDATE_PRODUCT = YES;
			};
			name = Release;
		};
/* End XCBuildConfiguration section */

/* Begin XCConfigurationList section */
		BB517E5624A3257A00FDAD03 /* Build configuration list for PBXProject "LyricsX-iOS" */ = {
			isa = XCConfigurationList;
			buildConfigurations = (
				BB517E7124A3257C00FDAD03 /* Debug */,
				BB517E7224A3257C00FDAD03 /* Release */,
			);
			defaultConfigurationIsVisible = 0;
			defaultConfigurationName = Release;
		};
		BB517E7324A3257C00FDAD03 /* Build configuration list for PBXNativeTarget "LyricsX-iOS" */ = {
			isa = XCConfigurationList;
			buildConfigurations = (
				BB517E7424A3257C00FDAD03 /* Debug */,
				BB517E7524A3257C00FDAD03 /* Release */,
			);
			defaultConfigurationIsVisible = 0;
			defaultConfigurationName = Release;
		};
/* End XCConfigurationList section */

/* Begin XCSwiftPackageProductDependency section */
		BB64F5D425D2875200555F84 /* LyricsXCore */ = {
			isa = XCSwiftPackageProductDependency;
			productName = LyricsXCore;
		};
/* End XCSwiftPackageProductDependency section */
	};
	rootObject = BB517E5324A3257A00FDAD03 /* Project object */;
}
