// !$*UTF8*$!
{
	archiveVersion = 1;
	classes = {
	};
	objectVersion = 52;
	objects = {

/* Begin PBXBuildFile section */
		BB516DB22417930300E7D29F /* LyricsUI.framework in Frameworks */ = {isa = PBXBuildFile; fileRef = BB516DAB2417930300E7D29F /* LyricsUI.framework */; };
		BB516DB32417930300E7D29F /* LyricsUI.framework in Embed Frameworks */ = {isa = PBXBuildFile; fileRef = BB516DAB2417930300E7D29F /* LyricsUI.framework */; settings = {ATTRIBUTES = (CodeSignOnCopy, RemoveHeadersOnCopy, ); }; };
		BB516DB9241793A900E7D29F /* LyricsKit in Frameworks */ = {isa = PBXBuildFile; productRef = BB516DB8241793A900E7D29F /* LyricsKit */; };
		BB516DBD2417952600E7D29F /* LyricsKit in Frameworks */ = {isa = PBXBuildFile; productRef = BB516DBC2417952600E7D29F /* LyricsKit */; };
		BB516DBE2417954200E7D29F /* SpotifyiOS.framework in Frameworks */ = {isa = PBXBuildFile; fileRef = BBE2A79E240530A7004A7E93 /* SpotifyiOS.framework */; };
		BB516DC5241E898C00E7D29F /* NSLayoutConstraintExtensions.swift in Sources */ = {isa = PBXBuildFile; fileRef = BBE2A7B024056483004A7E93 /* NSLayoutConstraintExtensions.swift */; };
		BB516DC6241E89AB00E7D29F /* DefaultArtworkImage.swift in Sources */ = {isa = PBXBuildFile; fileRef = BBDA7C172393A6AC0031A8FF /* DefaultArtworkImage.swift */; };
		BB516DC7241E89AD00E7D29F /* LyricsView.swift in Sources */ = {isa = PBXBuildFile; fileRef = BBE2A7AE24055BC3004A7E93 /* LyricsView.swift */; };
		BB736314240A247A00845977 /* AppController.swift in Sources */ = {isa = PBXBuildFile; fileRef = BB736313240A247A00845977 /* AppController.swift */; };
		BB736316240A268D00845977 /* CombineExtensions.swift in Sources */ = {isa = PBXBuildFile; fileRef = BB736315240A268D00845977 /* CombineExtensions.swift */; };
		BB736319240A27AB00845977 /* CXExtensions in Frameworks */ = {isa = PBXBuildFile; productRef = BB736318240A27AB00845977 /* CXExtensions */; };
		BB73631B240A296800845977 /* Global.swift in Sources */ = {isa = PBXBuildFile; fileRef = BB73631A240A296800845977 /* Global.swift */; };
		BBDA7C0023939FF20031A8FF /* AppDelegate.swift in Sources */ = {isa = PBXBuildFile; fileRef = BBDA7BFF23939FF20031A8FF /* AppDelegate.swift */; };
		BBDA7C0223939FF20031A8FF /* SceneDelegate.swift in Sources */ = {isa = PBXBuildFile; fileRef = BBDA7C0123939FF20031A8FF /* SceneDelegate.swift */; };
		BBDA7C0423939FF20031A8FF /* MainView.swift in Sources */ = {isa = PBXBuildFile; fileRef = BBDA7C0323939FF20031A8FF /* MainView.swift */; };
		BBDA7C0623939FF60031A8FF /* Assets.xcassets in Resources */ = {isa = PBXBuildFile; fileRef = BBDA7C0523939FF60031A8FF /* Assets.xcassets */; };
		BBDA7C0923939FF60031A8FF /* Preview Assets.xcassets in Resources */ = {isa = PBXBuildFile; fileRef = BBDA7C0823939FF60031A8FF /* Preview Assets.xcassets */; };
		BBDA7C0C23939FF60031A8FF /* LaunchScreen.storyboard in Resources */ = {isa = PBXBuildFile; fileRef = BBDA7C0A23939FF60031A8FF /* LaunchScreen.storyboard */; };
		BBE2A79C2405305F004A7E93 /* MusicPlayer in Frameworks */ = {isa = PBXBuildFile; productRef = BBE2A79B2405305F004A7E93 /* MusicPlayer */; };
		BBE2A7A3240530C4004A7E93 /* SpotifyiOS.swift in Sources */ = {isa = PBXBuildFile; fileRef = BBE2A7A2240530C4004A7E93 /* SpotifyiOS.swift */; };
		BBE2A7AA2405504A004A7E93 /* SnapKit in Frameworks */ = {isa = PBXBuildFile; productRef = BBE2A7A92405504A004A7E93 /* SnapKit */; };
/* End PBXBuildFile section */

/* Begin PBXContainerItemProxy section */
		BB516DB02417930300E7D29F /* PBXContainerItemProxy */ = {
			isa = PBXContainerItemProxy;
			containerPortal = BBDA7BF423939FF20031A8FF /* Project object */;
			proxyType = 1;
			remoteGlobalIDString = BB516DAA2417930300E7D29F;
			remoteInfo = LyricsUI;
		};
/* End PBXContainerItemProxy section */

/* Begin PBXCopyFilesBuildPhase section */
		BB516DA124178ECE00E7D29F /* Embed Frameworks */ = {
			isa = PBXCopyFilesBuildPhase;
			buildActionMask = 2147483647;
			dstPath = "";
			dstSubfolderSpec = 10;
			files = (
				BB516DB32417930300E7D29F /* LyricsUI.framework in Embed Frameworks */,
			);
			name = "Embed Frameworks";
			runOnlyForDeploymentPostprocessing = 0;
		};
/* End PBXCopyFilesBuildPhase section */

/* Begin PBXFileReference section */
		BB516DAB2417930300E7D29F /* LyricsUI.framework */ = {isa = PBXFileReference; explicitFileType = wrapper.framework; includeInIndex = 0; path = LyricsUI.framework; sourceTree = BUILT_PRODUCTS_DIR; };
		BB516DAE2417930300E7D29F /* Info.plist */ = {isa = PBXFileReference; lastKnownFileType = text.plist.xml; path = Info.plist; sourceTree = "<group>"; };
		BB736313240A247A00845977 /* AppController.swift */ = {isa = PBXFileReference; lastKnownFileType = sourcecode.swift; path = AppController.swift; sourceTree = "<group>"; };
		BB736315240A268D00845977 /* CombineExtensions.swift */ = {isa = PBXFileReference; lastKnownFileType = sourcecode.swift; path = CombineExtensions.swift; sourceTree = "<group>"; };
		BB73631A240A296800845977 /* Global.swift */ = {isa = PBXFileReference; lastKnownFileType = sourcecode.swift; path = Global.swift; sourceTree = "<group>"; };
		BBDA7BFC23939FF20031A8FF /* LyricsX-iOS.app */ = {isa = PBXFileReference; explicitFileType = wrapper.application; includeInIndex = 0; path = "LyricsX-iOS.app"; sourceTree = BUILT_PRODUCTS_DIR; };
		BBDA7BFF23939FF20031A8FF /* AppDelegate.swift */ = {isa = PBXFileReference; lastKnownFileType = sourcecode.swift; path = AppDelegate.swift; sourceTree = "<group>"; };
		BBDA7C0123939FF20031A8FF /* SceneDelegate.swift */ = {isa = PBXFileReference; lastKnownFileType = sourcecode.swift; path = SceneDelegate.swift; sourceTree = "<group>"; };
		BBDA7C0323939FF20031A8FF /* MainView.swift */ = {isa = PBXFileReference; lastKnownFileType = sourcecode.swift; path = MainView.swift; sourceTree = "<group>"; };
		BBDA7C0523939FF60031A8FF /* Assets.xcassets */ = {isa = PBXFileReference; lastKnownFileType = folder.assetcatalog; path = Assets.xcassets; sourceTree = "<group>"; };
		BBDA7C0823939FF60031A8FF /* Preview Assets.xcassets */ = {isa = PBXFileReference; lastKnownFileType = folder.assetcatalog; path = "Preview Assets.xcassets"; sourceTree = "<group>"; };
		BBDA7C0B23939FF60031A8FF /* Base */ = {isa = PBXFileReference; lastKnownFileType = file.storyboard; name = Base; path = Base.lproj/LaunchScreen.storyboard; sourceTree = "<group>"; };
		BBDA7C0D23939FF60031A8FF /* Info.plist */ = {isa = PBXFileReference; lastKnownFileType = text.plist.xml; path = Info.plist; sourceTree = "<group>"; };
		BBDA7C172393A6AC0031A8FF /* DefaultArtworkImage.swift */ = {isa = PBXFileReference; lastKnownFileType = sourcecode.swift; path = DefaultArtworkImage.swift; sourceTree = "<group>"; };
		BBE2A79E240530A7004A7E93 /* SpotifyiOS.framework */ = {isa = PBXFileReference; lastKnownFileType = wrapper.framework; name = SpotifyiOS.framework; path = "LyricsX-iOS/Frameworks/SpotifyiOS.framework"; sourceTree = "<group>"; };
		BBE2A7A2240530C4004A7E93 /* SpotifyiOS.swift */ = {isa = PBXFileReference; lastKnownFileType = sourcecode.swift; path = SpotifyiOS.swift; sourceTree = "<group>"; };
		BBE2A7A524053297004A7E93 /* LyricsX-iOS-Bridging-Header.h */ = {isa = PBXFileReference; lastKnownFileType = sourcecode.c.h; path = "LyricsX-iOS-Bridging-Header.h"; sourceTree = "<group>"; };
		BBE2A7AE24055BC3004A7E93 /* LyricsView.swift */ = {isa = PBXFileReference; lastKnownFileType = sourcecode.swift; path = LyricsView.swift; sourceTree = "<group>"; };
		BBE2A7B024056483004A7E93 /* NSLayoutConstraintExtensions.swift */ = {isa = PBXFileReference; lastKnownFileType = sourcecode.swift; path = NSLayoutConstraintExtensions.swift; sourceTree = "<group>"; };
/* End PBXFileReference section */

/* Begin PBXFrameworksBuildPhase section */
		BB516DA82417930300E7D29F /* Frameworks */ = {
			isa = PBXFrameworksBuildPhase;
			buildActionMask = 2147483647;
			files = (
				BB516DB9241793A900E7D29F /* LyricsKit in Frameworks */,
			);
			runOnlyForDeploymentPostprocessing = 0;
		};
		BBDA7BF923939FF20031A8FF /* Frameworks */ = {
			isa = PBXFrameworksBuildPhase;
			buildActionMask = 2147483647;
			files = (
				BBE2A7AA2405504A004A7E93 /* SnapKit in Frameworks */,
				BB516DBE2417954200E7D29F /* SpotifyiOS.framework in Frameworks */,
				BB516DB22417930300E7D29F /* LyricsUI.framework in Frameworks */,
				BB736319240A27AB00845977 /* CXExtensions in Frameworks */,
				BBE2A79C2405305F004A7E93 /* MusicPlayer in Frameworks */,
				BB516DBD2417952600E7D29F /* LyricsKit in Frameworks */,
			);
			runOnlyForDeploymentPostprocessing = 0;
		};
/* End PBXFrameworksBuildPhase section */

/* Begin PBXGroup section */
		BB516DAC2417930300E7D29F /* LyricsUI */ = {
			isa = PBXGroup;
			children = (
				BBDA7C172393A6AC0031A8FF /* DefaultArtworkImage.swift */,
				BBE2A7AE24055BC3004A7E93 /* LyricsView.swift */,
				BBE2A7B024056483004A7E93 /* NSLayoutConstraintExtensions.swift */,
				BB516DAE2417930300E7D29F /* Info.plist */,
			);
			path = LyricsUI;
			sourceTree = "<group>";
		};
		BB58D923240588F7004A7C3D /* Utilities */ = {
			isa = PBXGroup;
			children = (
				BB736315240A268D00845977 /* CombineExtensions.swift */,
				BB73631A240A296800845977 /* Global.swift */,
			);
			path = Utilities;
			sourceTree = "<group>";
		};
		BBDA7BF323939FF20031A8FF = {
			isa = PBXGroup;
			children = (
				BBE2A79D240530A6004A7E93 /* Frameworks */,
				BBDA7BFE23939FF20031A8FF /* LyricsX-iOS */,
				BB516DAC2417930300E7D29F /* LyricsUI */,
				BBDA7BFD23939FF20031A8FF /* Products */,
			);
			sourceTree = "<group>";
		};
		BBDA7BFD23939FF20031A8FF /* Products */ = {
			isa = PBXGroup;
			children = (
				BBDA7BFC23939FF20031A8FF /* LyricsX-iOS.app */,
				BB516DAB2417930300E7D29F /* LyricsUI.framework */,
			);
			name = Products;
			sourceTree = "<group>";
		};
		BBDA7BFE23939FF20031A8FF /* LyricsX-iOS */ = {
			isa = PBXGroup;
			children = (
				BBDA7BFF23939FF20031A8FF /* AppDelegate.swift */,
				BBDA7C0123939FF20031A8FF /* SceneDelegate.swift */,
				BB736313240A247A00845977 /* AppController.swift */,
				BBE2A7A2240530C4004A7E93 /* SpotifyiOS.swift */,
				BBDA7C162393A5130031A8FF /* Views */,
				BB58D923240588F7004A7C3D /* Utilities */,
				BBE2A7A424053238004A7E93 /* Supporting Files */,
				BBDA7C0723939FF60031A8FF /* Preview Content */,
			);
			path = "LyricsX-iOS";
			sourceTree = "<group>";
		};
		BBDA7C0723939FF60031A8FF /* Preview Content */ = {
			isa = PBXGroup;
			children = (
				BBDA7C0823939FF60031A8FF /* Preview Assets.xcassets */,
			);
			path = "Preview Content";
			sourceTree = "<group>";
		};
		BBDA7C162393A5130031A8FF /* Views */ = {
			isa = PBXGroup;
			children = (
				BBDA7C0323939FF20031A8FF /* MainView.swift */,
			);
			path = Views;
			sourceTree = "<group>";
		};
		BBE2A79D240530A6004A7E93 /* Frameworks */ = {
			isa = PBXGroup;
			children = (
				BBE2A79E240530A7004A7E93 /* SpotifyiOS.framework */,
			);
			name = Frameworks;
			sourceTree = "<group>";
		};
		BBE2A7A424053238004A7E93 /* Supporting Files */ = {
			isa = PBXGroup;
			children = (
				BBDA7C0523939FF60031A8FF /* Assets.xcassets */,
				BBE2A7A524053297004A7E93 /* LyricsX-iOS-Bridging-Header.h */,
				BBDA7C0A23939FF60031A8FF /* LaunchScreen.storyboard */,
				BBDA7C0D23939FF60031A8FF /* Info.plist */,
			);
			path = "Supporting Files";
			sourceTree = "<group>";
		};
/* End PBXGroup section */

/* Begin PBXHeadersBuildPhase section */
		BB516DA62417930300E7D29F /* Headers */ = {
			isa = PBXHeadersBuildPhase;
			buildActionMask = 2147483647;
			files = (
			);
			runOnlyForDeploymentPostprocessing = 0;
		};
/* End PBXHeadersBuildPhase section */

/* Begin PBXNativeTarget section */
		BB516DAA2417930300E7D29F /* LyricsUI */ = {
			isa = PBXNativeTarget;
			buildConfigurationList = BB516DB42417930300E7D29F /* Build configuration list for PBXNativeTarget "LyricsUI" */;
			buildPhases = (
				BB516DA62417930300E7D29F /* Headers */,
				BB516DA72417930300E7D29F /* Sources */,
				BB516DA82417930300E7D29F /* Frameworks */,
				BB516DA92417930300E7D29F /* Resources */,
			);
			buildRules = (
			);
			dependencies = (
			);
			name = LyricsUI;
			packageProductDependencies = (
				BB516DB8241793A900E7D29F /* LyricsKit */,
			);
			productName = LyricsUI;
			productReference = BB516DAB2417930300E7D29F /* LyricsUI.framework */;
			productType = "com.apple.product-type.framework";
		};
		BBDA7BFB23939FF20031A8FF /* LyricsX-iOS */ = {
			isa = PBXNativeTarget;
			buildConfigurationList = BBDA7C1023939FF60031A8FF /* Build configuration list for PBXNativeTarget "LyricsX-iOS" */;
			buildPhases = (
				BBDA7BF823939FF20031A8FF /* Sources */,
				BBDA7BF923939FF20031A8FF /* Frameworks */,
				BBDA7BFA23939FF20031A8FF /* Resources */,
				BB516DA124178ECE00E7D29F /* Embed Frameworks */,
			);
			buildRules = (
			);
			dependencies = (
				BB516DB12417930300E7D29F /* PBXTargetDependency */,
			);
			name = "LyricsX-iOS";
			packageProductDependencies = (
				BBE2A79B2405305F004A7E93 /* MusicPlayer */,
				BBE2A7A92405504A004A7E93 /* SnapKit */,
				BB736318240A27AB00845977 /* CXExtensions */,
				BB516DBC2417952600E7D29F /* LyricsKit */,
			);
			productName = "LyricsX-iOS";
			productReference = BBDA7BFC23939FF20031A8FF /* LyricsX-iOS.app */;
			productType = "com.apple.product-type.application";
		};
/* End PBXNativeTarget section */

/* Begin PBXProject section */
		BBDA7BF423939FF20031A8FF /* Project object */ = {
			isa = PBXProject;
			attributes = {
				LastSwiftUpdateCheck = 1120;
				LastUpgradeCheck = 1120;
				ORGANIZATIONNAME = ddddxxx;
				TargetAttributes = {
					BB516DAA2417930300E7D29F = {
						CreatedOnToolsVersion = 11.3.1;
					};
					BBDA7BFB23939FF20031A8FF = {
						CreatedOnToolsVersion = 11.2.1;
					};
				};
			};
			buildConfigurationList = BBDA7BF723939FF20031A8FF /* Build configuration list for PBXProject "LyricsX-iOS" */;
			compatibilityVersion = "Xcode 9.3";
			developmentRegion = en;
			hasScannedForEncodings = 0;
			knownRegions = (
				en,
				Base,
			);
			mainGroup = BBDA7BF323939FF20031A8FF;
			packageReferences = (
				BBDA7C132393A4900031A8FF /* XCRemoteSwiftPackageReference "LyricsKit" */,
				BBE2A79A2405305F004A7E93 /* XCRemoteSwiftPackageReference "MusicPlayer" */,
				BBE2A7A82405504A004A7E93 /* XCRemoteSwiftPackageReference "SnapKit" */,
				BB736317240A27AB00845977 /* XCRemoteSwiftPackageReference "CXExtensions" */,
			);
			productRefGroup = BBDA7BFD23939FF20031A8FF /* Products */;
			projectDirPath = "";
			projectRoot = "";
			targets = (
				BBDA7BFB23939FF20031A8FF /* LyricsX-iOS */,
				BB516DAA2417930300E7D29F /* LyricsUI */,
			);
		};
/* End PBXProject section */

/* Begin PBXResourcesBuildPhase section */
		BB516DA92417930300E7D29F /* Resources */ = {
			isa = PBXResourcesBuildPhase;
			buildActionMask = 2147483647;
			files = (
			);
			runOnlyForDeploymentPostprocessing = 0;
		};
		BBDA7BFA23939FF20031A8FF /* Resources */ = {
			isa = PBXResourcesBuildPhase;
			buildActionMask = 2147483647;
			files = (
				BBDA7C0C23939FF60031A8FF /* LaunchScreen.storyboard in Resources */,
				BBDA7C0923939FF60031A8FF /* Preview Assets.xcassets in Resources */,
				BBDA7C0623939FF60031A8FF /* Assets.xcassets in Resources */,
			);
			runOnlyForDeploymentPostprocessing = 0;
		};
/* End PBXResourcesBuildPhase section */

/* Begin PBXSourcesBuildPhase section */
		BB516DA72417930300E7D29F /* Sources */ = {
			isa = PBXSourcesBuildPhase;
			buildActionMask = 2147483647;
			files = (
				BB516DC6241E89AB00E7D29F /* DefaultArtworkImage.swift in Sources */,
				BB516DC7241E89AD00E7D29F /* LyricsView.swift in Sources */,
				BB516DC5241E898C00E7D29F /* NSLayoutConstraintExtensions.swift in Sources */,
			);
			runOnlyForDeploymentPostprocessing = 0;
		};
		BBDA7BF823939FF20031A8FF /* Sources */ = {
			isa = PBXSourcesBuildPhase;
			buildActionMask = 2147483647;
			files = (
				BBE2A7A3240530C4004A7E93 /* SpotifyiOS.swift in Sources */,
				BBDA7C0023939FF20031A8FF /* AppDelegate.swift in Sources */,
				BBDA7C0223939FF20031A8FF /* SceneDelegate.swift in Sources */,
				BB736314240A247A00845977 /* AppController.swift in Sources */,
				BB736316240A268D00845977 /* CombineExtensions.swift in Sources */,
				BBDA7C0423939FF20031A8FF /* MainView.swift in Sources */,
				BB73631B240A296800845977 /* Global.swift in Sources */,
			);
			runOnlyForDeploymentPostprocessing = 0;
		};
/* End PBXSourcesBuildPhase section */

/* Begin PBXTargetDependency section */
		BB516DB12417930300E7D29F /* PBXTargetDependency */ = {
			isa = PBXTargetDependency;
			target = BB516DAA2417930300E7D29F /* LyricsUI */;
			targetProxy = BB516DB02417930300E7D29F /* PBXContainerItemProxy */;
		};
/* End PBXTargetDependency section */

/* Begin PBXVariantGroup section */
		BBDA7C0A23939FF60031A8FF /* LaunchScreen.storyboard */ = {
			isa = PBXVariantGroup;
			children = (
				BBDA7C0B23939FF60031A8FF /* Base */,
			);
			name = LaunchScreen.storyboard;
			sourceTree = "<group>";
		};
/* End PBXVariantGroup section */

/* Begin XCBuildConfiguration section */
		BB516DB52417930300E7D29F /* Debug */ = {
			isa = XCBuildConfiguration;
			buildSettings = {
				CODE_SIGN_STYLE = Automatic;
				CURRENT_PROJECT_VERSION = 1;
				DEFINES_MODULE = YES;
				DEVELOPMENT_TEAM = 3665V726AE;
				DYLIB_COMPATIBILITY_VERSION = 1;
				DYLIB_CURRENT_VERSION = 1;
				DYLIB_INSTALL_NAME_BASE = "@rpath";
				INFOPLIST_FILE = LyricsUI/Info.plist;
				INSTALL_PATH = "$(LOCAL_LIBRARY_DIR)/Frameworks";
				IPHONEOS_DEPLOYMENT_TARGET = 13.0;
				LD_RUNPATH_SEARCH_PATHS = (
					"$(inherited)",
					"@executable_path/Frameworks",
					"@loader_path/Frameworks",
				);
				PRODUCT_BUNDLE_IDENTIFIER = ddddxxx.LyricsX.LyricsUI;
				PRODUCT_NAME = "$(TARGET_NAME:c99extidentifier)";
				SKIP_INSTALL = YES;
				SWIFT_VERSION = 5.0;
				TARGETED_DEVICE_FAMILY = "1,2";
				VERSIONING_SYSTEM = "apple-generic";
				VERSION_INFO_PREFIX = "";
			};
			name = Debug;
		};
		BB516DB62417930300E7D29F /* Release */ = {
			isa = XCBuildConfiguration;
			buildSettings = {
				CODE_SIGN_STYLE = Automatic;
				CURRENT_PROJECT_VERSION = 1;
				DEFINES_MODULE = YES;
				DEVELOPMENT_TEAM = 3665V726AE;
				DYLIB_COMPATIBILITY_VERSION = 1;
				DYLIB_CURRENT_VERSION = 1;
				DYLIB_INSTALL_NAME_BASE = "@rpath";
				INFOPLIST_FILE = LyricsUI/Info.plist;
				INSTALL_PATH = "$(LOCAL_LIBRARY_DIR)/Frameworks";
				IPHONEOS_DEPLOYMENT_TARGET = 13.0;
				LD_RUNPATH_SEARCH_PATHS = (
					"$(inherited)",
					"@executable_path/Frameworks",
					"@loader_path/Frameworks",
				);
				PRODUCT_BUNDLE_IDENTIFIER = ddddxxx.LyricsX.LyricsUI;
				PRODUCT_NAME = "$(TARGET_NAME:c99extidentifier)";
				SKIP_INSTALL = YES;
				SWIFT_VERSION = 5.0;
				TARGETED_DEVICE_FAMILY = "1,2";
				VERSIONING_SYSTEM = "apple-generic";
				VERSION_INFO_PREFIX = "";
			};
			name = Release;
		};
		BBDA7C0E23939FF60031A8FF /* Debug */ = {
			isa = XCBuildConfiguration;
			buildSettings = {
				ALWAYS_SEARCH_USER_PATHS = NO;
				CLANG_ANALYZER_NONNULL = YES;
				CLANG_ANALYZER_NUMBER_OBJECT_CONVERSION = YES_AGGRESSIVE;
				CLANG_CXX_LANGUAGE_STANDARD = "gnu++14";
				CLANG_CXX_LIBRARY = "libc++";
				CLANG_ENABLE_MODULES = YES;
				CLANG_ENABLE_OBJC_ARC = YES;
				CLANG_ENABLE_OBJC_WEAK = YES;
				CLANG_WARN_BLOCK_CAPTURE_AUTORELEASING = YES;
				CLANG_WARN_BOOL_CONVERSION = YES;
				CLANG_WARN_COMMA = YES;
				CLANG_WARN_CONSTANT_CONVERSION = YES;
				CLANG_WARN_DEPRECATED_OBJC_IMPLEMENTATIONS = YES;
				CLANG_WARN_DIRECT_OBJC_ISA_USAGE = YES_ERROR;
				CLANG_WARN_DOCUMENTATION_COMMENTS = YES;
				CLANG_WARN_EMPTY_BODY = YES;
				CLANG_WARN_ENUM_CONVERSION = YES;
				CLANG_WARN_INFINITE_RECURSION = YES;
				CLANG_WARN_INT_CONVERSION = YES;
				CLANG_WARN_NON_LITERAL_NULL_CONVERSION = YES;
				CLANG_WARN_OBJC_IMPLICIT_RETAIN_SELF = YES;
				CLANG_WARN_OBJC_LITERAL_CONVERSION = YES;
				CLANG_WARN_OBJC_ROOT_CLASS = YES_ERROR;
				CLANG_WARN_RANGE_LOOP_ANALYSIS = YES;
				CLANG_WARN_STRICT_PROTOTYPES = YES;
				CLANG_WARN_SUSPICIOUS_MOVE = YES;
				CLANG_WARN_UNGUARDED_AVAILABILITY = YES_AGGRESSIVE;
				CLANG_WARN_UNREACHABLE_CODE = YES;
				CLANG_WARN__DUPLICATE_METHOD_MATCH = YES;
				COPY_PHASE_STRIP = NO;
				DEBUG_INFORMATION_FORMAT = dwarf;
				ENABLE_STRICT_OBJC_MSGSEND = YES;
				ENABLE_TESTABILITY = YES;
				GCC_C_LANGUAGE_STANDARD = gnu11;
				GCC_DYNAMIC_NO_PIC = NO;
				GCC_NO_COMMON_BLOCKS = YES;
				GCC_OPTIMIZATION_LEVEL = 0;
				GCC_PREPROCESSOR_DEFINITIONS = (
					"DEBUG=1",
					"$(inherited)",
				);
				GCC_WARN_64_TO_32_BIT_CONVERSION = YES;
				GCC_WARN_ABOUT_RETURN_TYPE = YES_ERROR;
				GCC_WARN_UNDECLARED_SELECTOR = YES;
				GCC_WARN_UNINITIALIZED_AUTOS = YES_AGGRESSIVE;
				GCC_WARN_UNUSED_FUNCTION = YES;
				GCC_WARN_UNUSED_VARIABLE = YES;
				IPHONEOS_DEPLOYMENT_TARGET = 13.0;
				MTL_ENABLE_DEBUG_INFO = INCLUDE_SOURCE;
				MTL_FAST_MATH = YES;
				ONLY_ACTIVE_ARCH = YES;
				SDKROOT = iphoneos;
				SWIFT_ACTIVE_COMPILATION_CONDITIONS = DEBUG;
				SWIFT_OPTIMIZATION_LEVEL = "-Onone";
			};
			name = Debug;
		};
		BBDA7C0F23939FF60031A8FF /* Release */ = {
			isa = XCBuildConfiguration;
			buildSettings = {
				ALWAYS_SEARCH_USER_PATHS = NO;
				CLANG_ANALYZER_NONNULL = YES;
				CLANG_ANALYZER_NUMBER_OBJECT_CONVERSION = YES_AGGRESSIVE;
				CLANG_CXX_LANGUAGE_STANDARD = "gnu++14";
				CLANG_CXX_LIBRARY = "libc++";
				CLANG_ENABLE_MODULES = YES;
				CLANG_ENABLE_OBJC_ARC = YES;
				CLANG_ENABLE_OBJC_WEAK = YES;
				CLANG_WARN_BLOCK_CAPTURE_AUTORELEASING = YES;
				CLANG_WARN_BOOL_CONVERSION = YES;
				CLANG_WARN_COMMA = YES;
				CLANG_WARN_CONSTANT_CONVERSION = YES;
				CLANG_WARN_DEPRECATED_OBJC_IMPLEMENTATIONS = YES;
				CLANG_WARN_DIRECT_OBJC_ISA_USAGE = YES_ERROR;
				CLANG_WARN_DOCUMENTATION_COMMENTS = YES;
				CLANG_WARN_EMPTY_BODY = YES;
				CLANG_WARN_ENUM_CONVERSION = YES;
				CLANG_WARN_INFINITE_RECURSION = YES;
				CLANG_WARN_INT_CONVERSION = YES;
				CLANG_WARN_NON_LITERAL_NULL_CONVERSION = YES;
				CLANG_WARN_OBJC_IMPLICIT_RETAIN_SELF = YES;
				CLANG_WARN_OBJC_LITERAL_CONVERSION = YES;
				CLANG_WARN_OBJC_ROOT_CLASS = YES_ERROR;
				CLANG_WARN_RANGE_LOOP_ANALYSIS = YES;
				CLANG_WARN_STRICT_PROTOTYPES = YES;
				CLANG_WARN_SUSPICIOUS_MOVE = YES;
				CLANG_WARN_UNGUARDED_AVAILABILITY = YES_AGGRESSIVE;
				CLANG_WARN_UNREACHABLE_CODE = YES;
				CLANG_WARN__DUPLICATE_METHOD_MATCH = YES;
				COPY_PHASE_STRIP = NO;
				DEBUG_INFORMATION_FORMAT = "dwarf-with-dsym";
				ENABLE_NS_ASSERTIONS = NO;
				ENABLE_STRICT_OBJC_MSGSEND = YES;
				GCC_C_LANGUAGE_STANDARD = gnu11;
				GCC_NO_COMMON_BLOCKS = YES;
				GCC_WARN_64_TO_32_BIT_CONVERSION = YES;
				GCC_WARN_ABOUT_RETURN_TYPE = YES_ERROR;
				GCC_WARN_UNDECLARED_SELECTOR = YES;
				GCC_WARN_UNINITIALIZED_AUTOS = YES_AGGRESSIVE;
				GCC_WARN_UNUSED_FUNCTION = YES;
				GCC_WARN_UNUSED_VARIABLE = YES;
				IPHONEOS_DEPLOYMENT_TARGET = 13.0;
				MTL_ENABLE_DEBUG_INFO = NO;
				MTL_FAST_MATH = YES;
				SDKROOT = iphoneos;
				SWIFT_COMPILATION_MODE = wholemodule;
				SWIFT_OPTIMIZATION_LEVEL = "-O";
				VALIDATE_PRODUCT = YES;
			};
			name = Release;
		};
		BBDA7C1123939FF60031A8FF /* Debug */ = {
			isa = XCBuildConfiguration;
			buildSettings = {
				ALWAYS_EMBED_SWIFT_STANDARD_LIBRARIES = YES;
				ASSETCATALOG_COMPILER_APPICON_NAME = AppIcon;
				CODE_SIGN_STYLE = Automatic;
				DEVELOPMENT_ASSET_PATHS = "\"LyricsX-iOS/Preview Content\"";
				DEVELOPMENT_TEAM = 3665V726AE;
				ENABLE_PREVIEWS = YES;
				FRAMEWORK_SEARCH_PATHS = (
					"$(inherited)",
					"$(PROJECT_DIR)/LyricsX-iOS/Frameworks",
				);
				INFOPLIST_FILE = "LyricsX-iOS/Supporting Files/Info.plist";
				IPHONEOS_DEPLOYMENT_TARGET = 13.0;
				LD_RUNPATH_SEARCH_PATHS = (
					"$(inherited)",
					"@executable_path/Frameworks",
				);
				PRODUCT_BUNDLE_IDENTIFIER = "ddddxxx.LyricsX-iOS";
				PRODUCT_NAME = "$(TARGET_NAME)";
				SWIFT_OBJC_BRIDGING_HEADER = "LyricsX-iOS/Supporting Files/LyricsX-iOS-Bridging-Header.h";
				SWIFT_VERSION = 5.0;
				TARGETED_DEVICE_FAMILY = "1,2";
			};
			name = Debug;
		};
		BBDA7C1223939FF60031A8FF /* Release */ = {
			isa = XCBuildConfiguration;
			buildSettings = {
				ALWAYS_EMBED_SWIFT_STANDARD_LIBRARIES = YES;
				ASSETCATALOG_COMPILER_APPICON_NAME = AppIcon;
				CODE_SIGN_STYLE = Automatic;
				DEVELOPMENT_ASSET_PATHS = "\"LyricsX-iOS/Preview Content\"";
				DEVELOPMENT_TEAM = 3665V726AE;
				ENABLE_PREVIEWS = YES;
				FRAMEWORK_SEARCH_PATHS = (
					"$(inherited)",
					"$(PROJECT_DIR)/LyricsX-iOS/Frameworks",
				);
				INFOPLIST_FILE = "LyricsX-iOS/Supporting Files/Info.plist";
				IPHONEOS_DEPLOYMENT_TARGET = 13.0;
				LD_RUNPATH_SEARCH_PATHS = (
					"$(inherited)",
					"@executable_path/Frameworks",
				);
				PRODUCT_BUNDLE_IDENTIFIER = "ddddxxx.LyricsX-iOS";
				PRODUCT_NAME = "$(TARGET_NAME)";
				SWIFT_OBJC_BRIDGING_HEADER = "LyricsX-iOS/Supporting Files/LyricsX-iOS-Bridging-Header.h";
				SWIFT_VERSION = 5.0;
				TARGETED_DEVICE_FAMILY = "1,2";
			};
			name = Release;
		};
/* End XCBuildConfiguration section */

/* Begin XCConfigurationList section */
		BB516DB42417930300E7D29F /* Build configuration list for PBXNativeTarget "LyricsUI" */ = {
			isa = XCConfigurationList;
			buildConfigurations = (
				BB516DB52417930300E7D29F /* Debug */,
				BB516DB62417930300E7D29F /* Release */,
			);
			defaultConfigurationIsVisible = 0;
			defaultConfigurationName = Release;
		};
		BBDA7BF723939FF20031A8FF /* Build configuration list for PBXProject "LyricsX-iOS" */ = {
			isa = XCConfigurationList;
			buildConfigurations = (
				BBDA7C0E23939FF60031A8FF /* Debug */,
				BBDA7C0F23939FF60031A8FF /* Release */,
			);
			defaultConfigurationIsVisible = 0;
			defaultConfigurationName = Release;
		};
		BBDA7C1023939FF60031A8FF /* Build configuration list for PBXNativeTarget "LyricsX-iOS" */ = {
			isa = XCConfigurationList;
			buildConfigurations = (
				BBDA7C1123939FF60031A8FF /* Debug */,
				BBDA7C1223939FF60031A8FF /* Release */,
			);
			defaultConfigurationIsVisible = 0;
			defaultConfigurationName = Release;
		};
/* End XCConfigurationList section */

/* Begin XCRemoteSwiftPackageReference section */
		BB736317240A27AB00845977 /* XCRemoteSwiftPackageReference "CXExtensions" */ = {
			isa = XCRemoteSwiftPackageReference;
			repositoryURL = "https://github.com/cx-org/CXExtensions";
			requirement = {
				kind = upToNextMinorVersion;
				minimumVersion = 0.2.1;
			};
		};
		BBDA7C132393A4900031A8FF /* XCRemoteSwiftPackageReference "LyricsKit" */ = {
			isa = XCRemoteSwiftPackageReference;
			repositoryURL = "https://github.com/ddddxxx/LyricsKit.git";
			requirement = {
				kind = upToNextMinorVersion;
				minimumVersion = 0.8.2;
			};
		};
		BBE2A79A2405305F004A7E93 /* XCRemoteSwiftPackageReference "MusicPlayer" */ = {
			isa = XCRemoteSwiftPackageReference;
			repositoryURL = "https://github.com/ddddxxx/MusicPlayer";
			requirement = {
				branch = master;
				kind = branch;
			};
		};
		BBE2A7A82405504A004A7E93 /* XCRemoteSwiftPackageReference "SnapKit" */ = {
			isa = XCRemoteSwiftPackageReference;
			repositoryURL = "https://github.com/SnapKit/SnapKit";
			requirement = {
				kind = upToNextMajorVersion;
				minimumVersion = 5.0.1;
			};
		};
/* End XCRemoteSwiftPackageReference section */

/* Begin XCSwiftPackageProductDependency section */
		BB516DB8241793A900E7D29F /* LyricsKit */ = {
			isa = XCSwiftPackageProductDependency;
			package = BBDA7C132393A4900031A8FF /* XCRemoteSwiftPackageReference "LyricsKit" */;
			productName = LyricsKit;
		};
		BB516DBC2417952600E7D29F /* LyricsKit */ = {
			isa = XCSwiftPackageProductDependency;
			package = BBDA7C132393A4900031A8FF /* XCRemoteSwiftPackageReference "LyricsKit" */;
			productName = LyricsKit;
		};
		BB736318240A27AB00845977 /* CXExtensions */ = {
			isa = XCSwiftPackageProductDependency;
			package = BB736317240A27AB00845977 /* XCRemoteSwiftPackageReference "CXExtensions" */;
			productName = CXExtensions;
		};
		BBE2A79B2405305F004A7E93 /* MusicPlayer */ = {
			isa = XCSwiftPackageProductDependency;
			package = BBE2A79A2405305F004A7E93 /* XCRemoteSwiftPackageReference "MusicPlayer" */;
			productName = MusicPlayer;
		};
		BBE2A7A92405504A004A7E93 /* SnapKit */ = {
			isa = XCSwiftPackageProductDependency;
			package = BBE2A7A82405504A004A7E93 /* XCRemoteSwiftPackageReference "SnapKit" */;
			productName = SnapKit;
		};
/* End XCSwiftPackageProductDependency section */
	};
	rootObject = BBDA7BF423939FF20031A8FF /* Project object */;
}
