// !$*UTF8*$!
{
	archiveVersion = 1;
	classes = {
	};
	objectVersion = 50;
	objects = {

/* Begin PBXBuildFile section */
		BB517E6B24A3257C00FDAD03 /* LyricsXApp.swift in Sources */ = {isa = PBXBuildFile; fileRef = BB517E5824A3257B00FDAD03 /* LyricsXApp.swift */; };
		BB517E6F24A3257C00FDAD03 /* Assets.xcassets in Resources */ = {isa = PBXBuildFile; fileRef = BB517E5A24A3257C00FDAD03 /* Assets.xcassets */; };
		BB60CBBA24A32BD2004CF149 /* MainView.swift in Sources */ = {isa = PBXBuildFile; fileRef = BB60CBB924A32BD2004CF149 /* MainView.swift */; };
		BB60CBBC24A32C22004CF149 /* AppController.swift in Sources */ = {isa = PBXBuildFile; fileRef = BB60CBBB24A32C22004CF149 /* AppController.swift */; };
		BB60CBC024A32C2B004CF149 /* CombineExtensions.swift in Sources */ = {isa = PBXBuildFile; fileRef = BB60CBBE24A32C2B004CF149 /* CombineExtensions.swift */; };
		BB60CBC124A32C2B004CF149 /* Global.swift in Sources */ = {isa = PBXBuildFile; fileRef = BB60CBBF24A32C2B004CF149 /* Global.swift */; };
		BB60CBC324A32C36004CF149 /* SpotifyiOS.swift in Sources */ = {isa = PBXBuildFile; fileRef = BB60CBC224A32C36004CF149 /* SpotifyiOS.swift */; };
/* End PBXBuildFile section */

/* Begin PBXFileReference section */
		BB517E5824A3257B00FDAD03 /* LyricsXApp.swift */ = {isa = PBXFileReference; lastKnownFileType = sourcecode.swift; path = LyricsXApp.swift; sourceTree = "<group>"; };
		BB517E5A24A3257C00FDAD03 /* Assets.xcassets */ = {isa = PBXFileReference; lastKnownFileType = folder.assetcatalog; path = Assets.xcassets; sourceTree = "<group>"; };
		BB517E5F24A3257C00FDAD03 /* LyricsX.app */ = {isa = PBXFileReference; explicitFileType = wrapper.application; includeInIndex = 0; path = LyricsX.app; sourceTree = BUILT_PRODUCTS_DIR; };
		BB517E6224A3257C00FDAD03 /* Info.plist */ = {isa = PBXFileReference; lastKnownFileType = text.plist.xml; path = Info.plist; sourceTree = "<group>"; };
		BB517E7A24A3263E00FDAD03 /* LyricsUI */ = {isa = PBXFileReference; lastKnownFileType = folder; path = LyricsUI; sourceTree = "<group>"; };
		BB60CBB924A32BD2004CF149 /* MainView.swift */ = {isa = PBXFileReference; fileEncoding = 4; lastKnownFileType = sourcecode.swift; path = MainView.swift; sourceTree = "<group>"; };
		BB60CBBB24A32C22004CF149 /* AppController.swift */ = {isa = PBXFileReference; fileEncoding = 4; lastKnownFileType = sourcecode.swift; path = AppController.swift; sourceTree = "<group>"; };
		BB60CBBE24A32C2B004CF149 /* CombineExtensions.swift */ = {isa = PBXFileReference; fileEncoding = 4; lastKnownFileType = sourcecode.swift; path = CombineExtensions.swift; sourceTree = "<group>"; };
		BB60CBBF24A32C2B004CF149 /* Global.swift */ = {isa = PBXFileReference; fileEncoding = 4; lastKnownFileType = sourcecode.swift; path = Global.swift; sourceTree = "<group>"; };
		BB60CBC224A32C36004CF149 /* SpotifyiOS.swift */ = {isa = PBXFileReference; fileEncoding = 4; lastKnownFileType = sourcecode.swift; path = SpotifyiOS.swift; sourceTree = "<group>"; };
/* End PBXFileReference section */

/* Begin PBXFrameworksBuildPhase section */
		BB517E5C24A3257C00FDAD03 /* Frameworks */ = {
			isa = PBXFrameworksBuildPhase;
			buildActionMask = 2147483647;
			files = (
			);
			runOnlyForDeploymentPostprocessing = 0;
		};
/* End PBXFrameworksBuildPhase section */

/* Begin PBXGroup section */
		BB517E5224A3257A00FDAD03 = {
			isa = PBXGroup;
			children = (
				BB517E7A24A3263E00FDAD03 /* LyricsUI */,
				BB517E5724A3257B00FDAD03 /* Shared */,
				BB517E6124A3257C00FDAD03 /* iOS */,
				BB517E6024A3257C00FDAD03 /* Products */,
			);
			sourceTree = "<group>";
		};
		BB517E5724A3257B00FDAD03 /* Shared */ = {
			isa = PBXGroup;
			children = (
				BB60CBBD24A32C2B004CF149 /* Utilities */,
				BB60CBBB24A32C22004CF149 /* AppController.swift */,
				BB517E5824A3257B00FDAD03 /* LyricsXApp.swift */,
				BB60CBB924A32BD2004CF149 /* MainView.swift */,
				BB60CBC224A32C36004CF149 /* SpotifyiOS.swift */,
				BB517E5A24A3257C00FDAD03 /* Assets.xcassets */,
			);
			path = Shared;
			sourceTree = "<group>";
		};
		BB517E6024A3257C00FDAD03 /* Products */ = {
			isa = PBXGroup;
			children = (
				BB517E5F24A3257C00FDAD03 /* LyricsX.app */,
			);
			name = Products;
			sourceTree = "<group>";
		};
		BB517E6124A3257C00FDAD03 /* iOS */ = {
			isa = PBXGroup;
			children = (
				BB517E6224A3257C00FDAD03 /* Info.plist */,
			);
			path = iOS;
			sourceTree = "<group>";
		};
		BB60CBBD24A32C2B004CF149 /* Utilities */ = {
			isa = PBXGroup;
			children = (
				BB60CBBE24A32C2B004CF149 /* CombineExtensions.swift */,
				BB60CBBF24A32C2B004CF149 /* Global.swift */,
			);
			path = Utilities;
			sourceTree = "<group>";
		};
/* End PBXGroup section */

/* Begin PBXNativeTarget section */
		BB517E5E24A3257C00FDAD03 /* iOS */ = {
			isa = PBXNativeTarget;
			buildConfigurationList = BB517E7324A3257C00FDAD03 /* Build configuration list for PBXNativeTarget "iOS" */;
			buildPhases = (
				BB517E5B24A3257C00FDAD03 /* Sources */,
				BB517E5C24A3257C00FDAD03 /* Frameworks */,
				BB517E5D24A3257C00FDAD03 /* Resources */,
			);
			buildRules = (
			);
			dependencies = (
			);
			name = iOS;
			productName = iOS;
			productReference = BB517E5F24A3257C00FDAD03 /* LyricsX.app */;
			productType = "com.apple.product-type.application";
		};
/* End PBXNativeTarget section */

/* Begin PBXProject section */
		BB517E5324A3257A00FDAD03 /* Project object */ = {
			isa = PBXProject;
			attributes = {
				LastSwiftUpdateCheck = 1200;
				LastUpgradeCheck = 1200;
				TargetAttributes = {
					BB517E5E24A3257C00FDAD03 = {
						CreatedOnToolsVersion = 12.0;
					};
				};
			};
			buildConfigurationList = BB517E5624A3257A00FDAD03 /* Build configuration list for PBXProject "LyricsX" */;
			compatibilityVersion = "Xcode 9.3";
			developmentRegion = en;
			hasScannedForEncodings = 0;
			knownRegions = (
				en,
				Base,
			);
			mainGroup = BB517E5224A3257A00FDAD03;
			productRefGroup = BB517E6024A3257C00FDAD03 /* Products */;
			projectDirPath = "";
			projectRoot = "";
			targets = (
				BB517E5E24A3257C00FDAD03 /* iOS */,
			);
		};
/* End PBXProject section */

/* Begin PBXResourcesBuildPhase section */
		BB517E5D24A3257C00FDAD03 /* Resources */ = {
			isa = PBXResourcesBuildPhase;
			buildActionMask = 2147483647;
			files = (
				BB517E6F24A3257C00FDAD03 /* Assets.xcassets in Resources */,
			);
			runOnlyForDeploymentPostprocessing = 0;
		};
/* End PBXResourcesBuildPhase section */

/* Begin PBXSourcesBuildPhase section */
		BB517E5B24A3257C00FDAD03 /* Sources */ = {
			isa = PBXSourcesBuildPhase;
			buildActionMask = 2147483647;
			files = (
				BB60CBBA24A32BD2004CF149 /* MainView.swift in Sources */,
				BB517E6B24A3257C00FDAD03 /* LyricsXApp.swift in Sources */,
				BB60CBC324A32C36004CF149 /* SpotifyiOS.swift in Sources */,
				BB60CBBC24A32C22004CF149 /* AppController.swift in Sources */,
				BB60CBC124A32C2B004CF149 /* Global.swift in Sources */,
				BB60CBC024A32C2B004CF149 /* CombineExtensions.swift in Sources */,
			);
			runOnlyForDeploymentPostprocessing = 0;
		};
/* End PBXSourcesBuildPhase section */

/* Begin XCBuildConfiguration section */
		BB517E7124A3257C00FDAD03 /* Debug */ = {
			isa = XCBuildConfiguration;
			buildSettings = {
				ALWAYS_SEARCH_USER_PATHS = NO;
				CLANG_ANALYZER_NONNULL = YES;
				CLANG_ANALYZER_NUMBER_OBJECT_CONVERSION = YES_AGGRESSIVE;
				CLANG_CXX_LANGUAGE_STANDARD = "gnu++14";
				CLANG_CXX_LIBRARY = "libc++";
				CLANG_ENABLE_MODULES = YES;
				CLANG_ENABLE_OBJC_ARC = YES;
				CLANG_ENABLE_OBJC_WEAK = YES;
				CLANG_WARN_BLOCK_CAPTURE_AUTORELEASING = YES;
				CLANG_WARN_BOOL_CONVERSION = YES;
				CLANG_WARN_COMMA = YES;
				CLANG_WARN_CONSTANT_CONVERSION = YES;
				CLANG_WARN_DEPRECATED_OBJC_IMPLEMENTATIONS = YES;
				CLANG_WARN_DIRECT_OBJC_ISA_USAGE = YES_ERROR;
				CLANG_WARN_DOCUMENTATION_COMMENTS = YES;
				CLANG_WARN_EMPTY_BODY = YES;
				CLANG_WARN_ENUM_CONVERSION = YES;
				CLANG_WARN_INFINITE_RECURSION = YES;
				CLANG_WARN_INT_CONVERSION = YES;
				CLANG_WARN_NON_LITERAL_NULL_CONVERSION = YES;
				CLANG_WARN_OBJC_IMPLICIT_RETAIN_SELF = YES;
				CLANG_WARN_OBJC_LITERAL_CONVERSION = YES;
				CLANG_WARN_OBJC_ROOT_CLASS = YES_ERROR;
				CLANG_WARN_QUOTED_INCLUDE_IN_FRAMEWORK_HEADER = YES;
				CLANG_WARN_RANGE_LOOP_ANALYSIS = YES;
				CLANG_WARN_STRICT_PROTOTYPES = YES;
				CLANG_WARN_SUSPICIOUS_MOVE = YES;
				CLANG_WARN_UNGUARDED_AVAILABILITY = YES_AGGRESSIVE;
				CLANG_WARN_UNREACHABLE_CODE = YES;
				CLANG_WARN__DUPLICATE_METHOD_MATCH = YES;
				COPY_PHASE_STRIP = NO;
				DEBUG_INFORMATION_FORMAT = dwarf;
				ENABLE_STRICT_OBJC_MSGSEND = YES;
				ENABLE_TESTABILITY = YES;
				GCC_C_LANGUAGE_STANDARD = gnu11;
				GCC_DYNAMIC_NO_PIC = NO;
				GCC_NO_COMMON_BLOCKS = YES;
				GCC_OPTIMIZATION_LEVEL = 0;
				GCC_PREPROCESSOR_DEFINITIONS = (
					"DEBUG=1",
					"$(inherited)",
				);
				GCC_WARN_64_TO_32_BIT_CONVERSION = YES;
				GCC_WARN_ABOUT_RETURN_TYPE = YES_ERROR;
				GCC_WARN_UNDECLARED_SELECTOR = YES;
				GCC_WARN_UNINITIALIZED_AUTOS = YES_AGGRESSIVE;
				GCC_WARN_UNUSED_FUNCTION = YES;
				GCC_WARN_UNUSED_VARIABLE = YES;
				MTL_ENABLE_DEBUG_INFO = INCLUDE_SOURCE;
				MTL_FAST_MATH = YES;
				ONLY_ACTIVE_ARCH = YES;
				SWIFT_ACTIVE_COMPILATION_CONDITIONS = DEBUG;
				SWIFT_OPTIMIZATION_LEVEL = "-Onone";
			};
			name = Debug;
		};
		BB517E7224A3257C00FDAD03 /* Release */ = {
			isa = XCBuildConfiguration;
			buildSettings = {
				ALWAYS_SEARCH_USER_PATHS = NO;
				CLANG_ANALYZER_NONNULL = YES;
				CLANG_ANALYZER_NUMBER_OBJECT_CONVERSION = YES_AGGRESSIVE;
				CLANG_CXX_LANGUAGE_STANDARD = "gnu++14";
				CLANG_CXX_LIBRARY = "libc++";
				CLANG_ENABLE_MODULES = YES;
				CLANG_ENABLE_OBJC_ARC = YES;
				CLANG_ENABLE_OBJC_WEAK = YES;
				CLANG_WARN_BLOCK_CAPTURE_AUTORELEASING = YES;
				CLANG_WARN_BOOL_CONVERSION = YES;
				CLANG_WARN_COMMA = YES;
				CLANG_WARN_CONSTANT_CONVERSION = YES;
				CLANG_WARN_DEPRECATED_OBJC_IMPLEMENTATIONS = YES;
				CLANG_WARN_DIRECT_OBJC_ISA_USAGE = YES_ERROR;
				CLANG_WARN_DOCUMENTATION_COMMENTS = YES;
				CLANG_WARN_EMPTY_BODY = YES;
				CLANG_WARN_ENUM_CONVERSION = YES;
				CLANG_WARN_INFINITE_RECURSION = YES;
				CLANG_WARN_INT_CONVERSION = YES;
				CLANG_WARN_NON_LITERAL_NULL_CONVERSION = YES;
				CLANG_WARN_OBJC_IMPLICIT_RETAIN_SELF = YES;
				CLANG_WARN_OBJC_LITERAL_CONVERSION = YES;
				CLANG_WARN_OBJC_ROOT_CLASS = YES_ERROR;
				CLANG_WARN_QUOTED_INCLUDE_IN_FRAMEWORK_HEADER = YES;
				CLANG_WARN_RANGE_LOOP_ANALYSIS = YES;
				CLANG_WARN_STRICT_PROTOTYPES = YES;
				CLANG_WARN_SUSPICIOUS_MOVE = YES;
				CLANG_WARN_UNGUARDED_AVAILABILITY = YES_AGGRESSIVE;
				CLANG_WARN_UNREACHABLE_CODE = YES;
				CLANG_WARN__DUPLICATE_METHOD_MATCH = YES;
				COPY_PHASE_STRIP = NO;
				DEBUG_INFORMATION_FORMAT = "dwarf-with-dsym";
				ENABLE_NS_ASSERTIONS = NO;
				ENABLE_STRICT_OBJC_MSGSEND = YES;
				GCC_C_LANGUAGE_STANDARD = gnu11;
				GCC_NO_COMMON_BLOCKS = YES;
				GCC_WARN_64_TO_32_BIT_CONVERSION = YES;
				GCC_WARN_ABOUT_RETURN_TYPE = YES_ERROR;
				GCC_WARN_UNDECLARED_SELECTOR = YES;
				GCC_WARN_UNINITIALIZED_AUTOS = YES_AGGRESSIVE;
				GCC_WARN_UNUSED_FUNCTION = YES;
				GCC_WARN_UNUSED_VARIABLE = YES;
				MTL_ENABLE_DEBUG_INFO = NO;
				MTL_FAST_MATH = YES;
				SWIFT_COMPILATION_MODE = wholemodule;
				SWIFT_OPTIMIZATION_LEVEL = "-O";
			};
			name = Release;
		};
		BB517E7424A3257C00FDAD03 /* Debug */ = {
			isa = XCBuildConfiguration;
			buildSettings = {
				ASSETCATALOG_COMPILER_APPICON_NAME = AppIcon;
				ASSETCATALOG_COMPILER_GLOBAL_ACCENT_COLOR_NAME = AccentColor;
				CODE_SIGN_STYLE = Automatic;
				DEVELOPMENT_TEAM = 3665V726AE;
				ENABLE_PREVIEWS = YES;
				INFOPLIST_FILE = iOS/Info.plist;
				IPHONEOS_DEPLOYMENT_TARGET = 14.0;
				LD_RUNPATH_SEARCH_PATHS = (
					"$(inherited)",
					"@executable_path/Frameworks",
				);
				PRODUCT_BUNDLE_IDENTIFIER = ddddxxx.LyricsX;
				PRODUCT_NAME = LyricsX;
				SDKROOT = iphoneos;
				SWIFT_VERSION = 5.0;
				TARGETED_DEVICE_FAMILY = "1,2";
			};
			name = Debug;
		};
		BB517E7524A3257C00FDAD03 /* Release */ = {
			isa = XCBuildConfiguration;
			buildSettings = {
				ASSETCATALOG_COMPILER_APPICON_NAME = AppIcon;
				ASSETCATALOG_COMPILER_GLOBAL_ACCENT_COLOR_NAME = AccentColor;
				CODE_SIGN_STYLE = Automatic;
				DEVELOPMENT_TEAM = 3665V726AE;
				ENABLE_PREVIEWS = YES;
				INFOPLIST_FILE = iOS/Info.plist;
				IPHONEOS_DEPLOYMENT_TARGET = 14.0;
				LD_RUNPATH_SEARCH_PATHS = (
					"$(inherited)",
					"@executable_path/Frameworks",
				);
				PRODUCT_BUNDLE_IDENTIFIER = ddddxxx.LyricsX;
				PRODUCT_NAME = LyricsX;
				SDKROOT = iphoneos;
				SWIFT_VERSION = 5.0;
				TARGETED_DEVICE_FAMILY = "1,2";
				VALIDATE_PRODUCT = YES;
			};
			name = Release;
		};
/* End XCBuildConfiguration section */

/* Begin XCConfigurationList section */
		BB517E5624A3257A00FDAD03 /* Build configuration list for PBXProject "LyricsX" */ = {
			isa = XCConfigurationList;
			buildConfigurations = (
				BB517E7124A3257C00FDAD03 /* Debug */,
				BB517E7224A3257C00FDAD03 /* Release */,
			);
			defaultConfigurationIsVisible = 0;
			defaultConfigurationName = Release;
		};
		BB517E7324A3257C00FDAD03 /* Build configuration list for PBXNativeTarget "iOS" */ = {
			isa = XCConfigurationList;
			buildConfigurations = (
				BB517E7424A3257C00FDAD03 /* Debug */,
				BB517E7524A3257C00FDAD03 /* Release */,
			);
			defaultConfigurationIsVisible = 0;
			defaultConfigurationName = Release;
		};
/* End XCConfigurationList section */
	};
	rootObject = BB517E5324A3257A00FDAD03 /* Project object */;
}
